# THIS IS AN AUTOGENERATED FILE. DO NOT EDIT THIS FILE DIRECTLY.
# yarn lockfile v1


"@airbnb/lunar-test-utils@^2.2.1":
  version "2.2.1"
  resolved "https://npm.d.musta.ch/@airbnb/lunar-test-utils/-/lunar-test-utils-2.2.1.tgz#c6ecc8bd1e859ca8a995da36856310af4b6c98ee"
  integrity sha1-xuzIvR6FnKipldo2hWMQr0tsmO4=
  dependencies:
    aesthetic "^4.1.0"
    aesthetic-react "^1.1.1"

"@apollo/react-common@^3.0.1":
  version "3.0.1"
  resolved "https://npm.d.musta.ch/@apollo/react-common/-/react-common-3.0.1.tgz#9c8f1433ddaddf80e471259126a76f1738dd4273"
  integrity sha1-nI8UM92t34DkcSWRJqdvFzjdQnM=
  dependencies:
    ts-invariant "^0.4.4"
    tslib "^1.10.0"

"@apollo/react-components@^3.0.1":
  version "3.0.1"
  resolved "https://npm.d.musta.ch/@apollo/react-components/-/react-components-3.0.1.tgz#f6fdd9fdb9863c0e8094a33f2525e7770fcf14ee"
  integrity sha1-9v3Z/bmGPA6AlKM/JSXndw/PFO4=
  dependencies:
    "@apollo/react-common" "^3.0.1"
    "@apollo/react-hooks" "^3.0.1"
    prop-types "^15.7.2"
    ts-invariant "^0.4.4"
    tslib "^1.10.0"

"@apollo/react-hoc@^3.0.1":
  version "3.0.1"
  resolved "https://npm.d.musta.ch/@apollo/react-hoc/-/react-hoc-3.0.1.tgz#b9921cbac3c88124ff8fa977571bfdb1ece8e0ba"
  integrity sha1-uZIcusPIgST/j6l3Vxv9sezo4Lo=
  dependencies:
    "@apollo/react-common" "^3.0.1"
    "@apollo/react-components" "^3.0.1"
    hoist-non-react-statics "^3.3.0"
    ts-invariant "^0.4.4"
    tslib "^1.10.0"

"@apollo/react-hooks@^3.0.1":
  version "3.0.1"
  resolved "https://npm.d.musta.ch/@apollo/react-hooks/-/react-hooks-3.0.1.tgz#83869beddcbb06cba05d50ccf05097191d245a9c"
  integrity sha1-g4ab7dy7BsugXVDM8FCXGR0kWpw=
  dependencies:
    "@apollo/react-common" "^3.0.1"
    "@wry/equality" "^0.1.9"
    ts-invariant "^0.4.4"
    tslib "^1.10.0"

"@apollo/react-ssr@^3.0.1":
  version "3.0.1"
  resolved "https://npm.d.musta.ch/@apollo/react-ssr/-/react-ssr-3.0.1.tgz#2d54182e378722314ad1b1b4b9ccfffb06a54c89"
  integrity sha1-LVQYLjeHIjFK0bG0ucz/+walTIk=
  dependencies:
    "@apollo/react-common" "^3.0.1"
    "@apollo/react-hooks" "^3.0.1"
    tslib "^1.10.0"

"@apollo/react-testing@^3.0.0":
  version "3.0.1"
  resolved "https://npm.d.musta.ch/@apollo/react-testing/-/react-testing-3.0.1.tgz#c0952edfc3a25d711fa1026ea1dce63111c1e6de"
  integrity sha1-wJUu38OiXXEfoQJuodzmMRHB5t4=
  dependencies:
    "@apollo/react-common" "^3.0.1"
    fast-json-stable-stringify "^2.0.0"
    tslib "^1.10.0"

"@babel/runtime@^7.1.2":
  version "7.5.5"
  resolved "https://npm.d.musta.ch/@babel/runtime/-/runtime-7.5.5.tgz#74fba56d35efbeca444091c7850ccd494fd2f132"
  integrity sha1-dPulbTXvvspEQJHHhQzNSU/S8TI=
  dependencies:
    regenerator-runtime "^0.13.2"

"@types/graphql@^14.2.3":
  version "14.5.0"
  resolved "https://npm.d.musta.ch/@types/graphql/-/graphql-14.5.0.tgz#a545fb3bc8013a3547cf2f07f5e13a33642b75d6"
  integrity sha1-pUX7O8gBOjVHzy8H9eE6M2QrddY=
  dependencies:
    graphql "*"

"@types/lodash@^4.14.134":
  version "4.14.138"
  resolved "https://npm.d.musta.ch/@types/lodash/-/lodash-4.14.138.tgz#34f52640d7358230308344e579c15b378d91989e"
  integrity sha1-NPUmQNc1gjAwg0TlecFbN42RmJ4=

"@types/node@>=6":
  version "12.7.3"
  resolved "https://npm.d.musta.ch/@types/node/-/node-12.7.3.tgz#27b3f40addaf2f580459fdb405222685542f907a"
  integrity sha1-J7P0Ct2vL1gEWf20BSImhVQvkHo=

"@types/prop-types@*":
  version "15.7.1"
  resolved "https://npm.d.musta.ch/@types/prop-types/-/prop-types-15.7.1.tgz#f1a11e7babb0c3cad68100be381d1e064c68f1f6"
  integrity sha1-8aEee6uww8rWgQC+OB0eBkxo8fY=

"@types/react-test-renderer@^16.8.3":
  version "16.9.0"
  resolved "https://npm.d.musta.ch/@types/react-test-renderer/-/react-test-renderer-16.9.0.tgz#d60f530ecf4c906721511603cca711b4fa830d41"
  integrity sha1-1g9TDs9MkGchURYDzKcRtPqDDUE=
  dependencies:
    "@types/react" "*"

"@types/react@*":
  version "16.9.2"
  resolved "https://npm.d.musta.ch/@types/react/-/react-16.9.2.tgz#6d1765431a1ad1877979013906731aae373de268"
  integrity sha1-bRdlQxoa0Yd5eQE5BnMarjc94mg=
  dependencies:
    "@types/prop-types" "*"
    csstype "^2.2.0"

"@types/zen-observable@^0.8.0":
  version "0.8.0"
  resolved "https://npm.d.musta.ch/@types/zen-observable/-/zen-observable-0.8.0.tgz#8b63ab7f1aa5321248aad5ac890a485656dcea4d"
  integrity sha1-i2OrfxqlMhJIqtWsiQpIVlbc6k0=

"@wry/context@^0.4.0":
  version "0.4.4"
  resolved "https://npm.d.musta.ch/@wry/context/-/context-0.4.4.tgz#e50f5fa1d6cfaabf2977d1fda5ae91717f8815f8"
  integrity sha1-5Q9fodbPqr8pd9H9pa6RcX+IFfg=
  dependencies:
    "@types/node" ">=6"
    tslib "^1.9.3"

"@wry/equality@^0.1.2", "@wry/equality@^0.1.9":
  version "0.1.9"
  resolved "https://npm.d.musta.ch/@wry/equality/-/equality-0.1.9.tgz#b13e18b7a8053c6858aa6c85b54911fb31e3a909"
  integrity sha1-sT4Yt6gFPGhYqmyFtUkR+zHjqQk=
  dependencies:
    tslib "^1.9.3"

aesthetic-react@^1.1.1:
  version "1.1.1"
  resolved "https://npm.d.musta.ch/aesthetic-react/-/aesthetic-react-1.1.1.tgz#4174bee86012105b2f1750eff0873610db84c921"
  integrity sha1-QXS+6GASEFsvF1Dv8Ic2ENuEySE=
  dependencies:
    "@types/react" "*"
    aesthetic-utils "^2.0.0"
    direction "^1.0.3"
    hoist-non-react-statics "^3.3.0"
    prop-types "^15.7.2"
    utility-types "^3.7.0"
    uuid "^3.3.2"

aesthetic-utils@^2.0.0:
  version "2.0.0"
  resolved "https://npm.d.musta.ch/aesthetic-utils/-/aesthetic-utils-2.0.0.tgz#52f609ea07687b9a1c8d76bd40cbf2cb922f8517"
  integrity sha1-UvYJ6gdoe5ocjXa9QMvyy5IvhRc=
  dependencies:
    utility-types "^3.7.0"

aesthetic@^4.1.0:
  version "4.1.0"
  resolved "https://npm.d.musta.ch/aesthetic/-/aesthetic-4.1.0.tgz#35b5b086a16f6bf6c2b7f7f5f3aeddb66c327d80"
  integrity sha1-NbWwhqFva/bCt/f1867dtmwyfYA=
  dependencies:
    aesthetic-utils "^2.0.0"
    csstype "^2.6.6"
    extend "^3.0.2"
    rtl-css-js "^1.13.0"
    stylis "^3.5.4"
    utility-types "^3.7.0"
    uuid "^3.3.2"

apollo-cache-inmemory@^1.6.2:
  version "1.6.3"
  resolved "https://npm.d.musta.ch/apollo-cache-inmemory/-/apollo-cache-inmemory-1.6.3.tgz#826861d20baca4abc45f7ca7a874105905b8525d"
  integrity sha1-gmhh0guspKvEX3ynqHQQWQW4Ul0=
  dependencies:
    apollo-cache "^1.3.2"
    apollo-utilities "^1.3.2"
    optimism "^0.10.0"
    ts-invariant "^0.4.0"
    tslib "^1.9.3"

apollo-cache@1.3.2, apollo-cache@^1.3.2:
  version "1.3.2"
  resolved "https://npm.d.musta.ch/apollo-cache/-/apollo-cache-1.3.2.tgz#df4dce56240d6c95c613510d7e409f7214e6d26a"
  integrity sha1-303OViQNbJXGE1ENfkCfchTm0mo=
  dependencies:
    apollo-utilities "^1.3.2"
    tslib "^1.9.3"

apollo-client@^2.6.3:
  version "2.6.4"
  resolved "https://npm.d.musta.ch/apollo-client/-/apollo-client-2.6.4.tgz#872c32927263a0d34655c5ef8a8949fbb20b6140"
  integrity sha1-hywyknJjoNNGVcXviolJ+7ILYUA=
  dependencies:
    "@types/zen-observable" "^0.8.0"
    apollo-cache "1.3.2"
    apollo-link "^1.0.0"
    apollo-utilities "1.3.2"
    symbol-observable "^1.0.2"
    ts-invariant "^0.4.0"
    tslib "^1.9.3"
    zen-observable "^0.8.0"

apollo-link-error@^1.1.11:
  version "1.1.11"
  resolved "https://npm.d.musta.ch/apollo-link-error/-/apollo-link-error-1.1.11.tgz#7cd363179616fb90da7866cee85cb00ee45d2f3b"
  integrity sha1-fNNjF5YW+5DaeGbO6FywDuRdLzs=
  dependencies:
    apollo-link "^1.2.12"
    apollo-link-http-common "^0.2.14"
    tslib "^1.9.3"

apollo-link-http-common@^0.2.14:
  version "0.2.14"
  resolved "https://npm.d.musta.ch/apollo-link-http-common/-/apollo-link-http-common-0.2.14.tgz#d3a195c12e00f4e311c417f121181dcc31f7d0c8"
  integrity sha1-06GVwS4A9OMRxBfxIRgdzDH30Mg=
  dependencies:
    apollo-link "^1.2.12"
    ts-invariant "^0.4.0"
    tslib "^1.9.3"

apollo-link-http@^1.5.15:
  version "1.5.15"
  resolved "https://npm.d.musta.ch/apollo-link-http/-/apollo-link-http-1.5.15.tgz#106ab23bb8997bd55965d05855736d33119652cf"
  integrity sha1-EGqyO7iZe9VZZdBYVXNtMxGWUs8=
  dependencies:
    apollo-link "^1.2.12"
    apollo-link-http-common "^0.2.14"
    tslib "^1.9.3"

apollo-link@^1.0.0, apollo-link@^1.2.12:
  version "1.2.12"
  resolved "https://npm.d.musta.ch/apollo-link/-/apollo-link-1.2.12.tgz#014b514fba95f1945c38ad4c216f31bcfee68429"
  integrity sha1-AUtRT7qV8ZRcOK1MIW8xvP7mhCk=
  dependencies:
    apollo-utilities "^1.3.0"
    ts-invariant "^0.4.0"
    tslib "^1.9.3"
    zen-observable-ts "^0.8.19"

apollo-utilities@1.3.2, apollo-utilities@^1.3.0, apollo-utilities@^1.3.2:
  version "1.3.2"
  resolved "https://npm.d.musta.ch/apollo-utilities/-/apollo-utilities-1.3.2.tgz#8cbdcf8b012f664cd6cb5767f6130f5aed9115c9"
  integrity sha1-jL3PiwEvZkzWy1dn9hMPWu2RFck=
  dependencies:
    "@wry/equality" "^0.1.2"
    fast-json-stable-stringify "^2.0.0"
    ts-invariant "^0.4.0"
    tslib "^1.9.3"

csstype@^2.2.0, csstype@^2.6.6:
  version "2.6.6"
  resolved "https://npm.d.musta.ch/csstype/-/csstype-2.6.6.tgz#c34f8226a94bbb10c32cc0d714afdf942291fc41"
  integrity sha1-w0+CJqlLuxDDLMDXFK/flCKR/EE=

direction@^1.0.3:
  version "1.0.3"
  resolved "https://npm.d.musta.ch/direction/-/direction-1.0.3.tgz#5030e1e091e923904067d015dbaafd08f4d27d26"
  integrity sha1-UDDh4JHpI5BAZ9AV26r9CPTSfSY=

extend@^3.0.2:
  version "3.0.2"
  resolved "https://npm.d.musta.ch/extend/-/extend-3.0.2.tgz#f8b1136b4071fbd8eb140aff858b1019ec2915fa"
  integrity sha1-+LETa0Bx+9jrFAr/hYsQGewpFfo=

fast-json-stable-stringify@^2.0.0:
  version "2.0.0"
  resolved "https://npm.d.musta.ch/fast-json-stable-stringify/-/fast-json-stable-stringify-2.0.0.tgz#d5142c0caee6b1189f87d3a76111064f86c8bbf2"
  integrity sha1-1RQsDK7msRifh9OnYREGT4bIu/I=

graphql-tag@^2.10.1:
  version "2.10.1"
  resolved "https://npm.d.musta.ch/graphql-tag/-/graphql-tag-2.10.1.tgz#10aa41f1cd8fae5373eaf11f1f67260a3cad5e02"
  integrity sha1-EKpB8c2PrlNz6vEfH2cmCjytXgI=

graphql@*, graphql@^14.3.1:
  version "14.5.4"
  resolved "https://npm.d.musta.ch/graphql/-/graphql-14.5.4.tgz#b33fe957854e90c10d4c07c7d26b6c8e9f159a13"
  integrity sha1-sz/pV4VOkMENTAfH0mtsjp8VmhM=
  dependencies:
    iterall "^1.2.2"

hoist-non-react-statics@^3.3.0:
  version "3.3.0"
  resolved "https://npm.d.musta.ch/hoist-non-react-statics/-/hoist-non-react-statics-3.3.0.tgz#b09178f0122184fb95acf525daaecb4d8f45958b"
  integrity sha1-sJF48BIhhPuVrPUl2q7LTY9FlYs=
  dependencies:
    react-is "^16.7.0"

idx@^2.5.6:
  version "2.5.6"
  resolved "https://npm.d.musta.ch/idx/-/idx-2.5.6.tgz#1f824595070100ae9ad585c86db08dc74f83a59d"
  integrity sha1-H4JFlQcBAK6a1YXIbbCNx0+DpZ0=

iterall@^1.2.2:
  version "1.2.2"
  resolved "https://npm.d.musta.ch/iterall/-/iterall-1.2.2.tgz#92d70deb8028e0c39ff3164fdbf4d8b088130cd7"
  integrity sha1-ktcN64Ao4MOf8xZP2/TYsIgTDNc=

"js-tokens@^3.0.0 || ^4.0.0":
  version "4.0.0"
  resolved "https://npm.d.musta.ch/js-tokens/-/js-tokens-4.0.0.tgz#19203fb59991df98e3a287050d4647cdeaf32499"
  integrity sha1-GSA/tZmR35jjoocFDUZHzerzJJk=

lodash@^4.17.15:
  version "4.17.15"
  resolved "https://npm.d.musta.ch/lodash/-/lodash-4.17.15.tgz#b447f6670a0455bbfeedd11392eff330ea097548"
  integrity sha1-tEf2ZwoEVbv+7dETku/zMOoJdUg=

loose-envify@^1.1.0, loose-envify@^1.4.0:
  version "1.4.0"
  resolved "https://npm.d.musta.ch/loose-envify/-/loose-envify-1.4.0.tgz#71ee51fa7be4caec1a63839f7e682d8132d30caf"
  integrity sha1-ce5R+nvkyuwaY4OffmgtgTLTDK8=
  dependencies:
    js-tokens "^3.0.0 || ^4.0.0"

object-assign@^4.1.1:
  version "4.1.1"
  resolved "https://npm.d.musta.ch/object-assign/-/object-assign-4.1.1.tgz#2109adc7965887cfc05cbbd442cac8bfbb360863"
  integrity sha1-IQmtx5ZYh8/AXLvUQsrIv7s2CGM=

optimism@^0.10.0:
  version "0.10.2"
  resolved "https://npm.d.musta.ch/optimism/-/optimism-0.10.2.tgz#626b6fd28b0923de98ecb36a3fd2d3d4e5632dd9"
  integrity sha1-Ymtv0osJI96Y7LNqP9LT1OVjLdk=
  dependencies:
    "@wry/context" "^0.4.0"

prop-types@^15.6.2, prop-types@^15.7.2:
  version "15.7.2"
  resolved "https://npm.d.musta.ch/prop-types/-/prop-types-15.7.2.tgz#52c41e75b8c87e72b9d9360e0206b99dcbffa6c5"
  integrity sha1-UsQedbjIfnK52TYOAga5ncv/psU=
  dependencies:
    loose-envify "^1.4.0"
    object-assign "^4.1.1"
    react-is "^16.8.1"

react-apollo@^3.0.0:
  version "3.0.1"
  resolved "https://npm.d.musta.ch/react-apollo/-/react-apollo-3.0.1.tgz#94f981d3e8770180cafc6c23b5582667e8b80b17"
  integrity sha1-lPmB0+h3AYDK/GwjtVgmZ+i4Cxc=
  dependencies:
    "@apollo/react-common" "^3.0.1"
    "@apollo/react-components" "^3.0.1"
    "@apollo/react-hoc" "^3.0.1"
    "@apollo/react-hooks" "^3.0.1"
    "@apollo/react-ssr" "^3.0.1"

react-is@^16.7.0, react-is@^16.8.1, react-is@^16.9.0:
  version "16.9.0"
  resolved "https://npm.d.musta.ch/react-is/-/react-is-16.9.0.tgz#21ca9561399aad0ff1a7701c01683e8ca981edcb"
  integrity sha1-IcqVYTmarQ/xp3AcAWg+jKmB7cs=

react-test-renderer@^16.8.6:
  version "16.9.0"
  resolved "https://npm.d.musta.ch/react-test-renderer/-/react-test-renderer-16.9.0.tgz#7ed657a374af47af88f66f33a3ef99c9610c8ae9"
  integrity sha1-ftZXo3SvR6+I9m8zo++ZyWEMiuk=
  dependencies:
    object-assign "^4.1.1"
    prop-types "^15.6.2"
    react-is "^16.9.0"
    scheduler "^0.15.0"

react@^16.8.6:
  version "16.9.0"
  resolved "https://npm.d.musta.ch/react/-/react-16.9.0.tgz#40ba2f9af13bc1a38d75dbf2f4359a5185c4f7aa"
  integrity sha1-QLovmvE7waONddvy9DWaUYXE96o=
  dependencies:
    loose-envify "^1.1.0"
    object-assign "^4.1.1"
    prop-types "^15.6.2"

regenerator-runtime@^0.13.2:
  version "0.13.3"
  resolved "https://npm.d.musta.ch/regenerator-runtime/-/regenerator-runtime-0.13.3.tgz#7cf6a77d8f5c6f60eb73c5fc1955b2ceb01e6bf5"
  integrity sha1-fPanfY9cb2Drc8X8GVWyzrAea/U=

rtl-css-js@^1.13.0:
  version "1.13.0"
  resolved "https://npm.d.musta.ch/rtl-css-js/-/rtl-css-js-1.13.0.tgz#e97ebb67dd9fc6c4be1278730901967fc432ed9f"
  integrity sha1-6X67Z92fxsS+EnhzCQGWf8Qy7Z8=
  dependencies:
    "@babel/runtime" "^7.1.2"

scheduler@^0.15.0:
  version "0.15.0"
  resolved "https://npm.d.musta.ch/scheduler/-/scheduler-0.15.0.tgz#6bfcf80ff850b280fed4aeecc6513bc0b4f17f8e"
  integrity sha1-a/z4D/hQsoD+1K7sxlE7wLTxf44=
  dependencies:
    loose-envify "^1.1.0"
    object-assign "^4.1.1"

stylis@^3.5.4:
  version "3.5.4"
  resolved "https://npm.d.musta.ch/stylis/-/stylis-3.5.4.tgz#f665f25f5e299cf3d64654ab949a57c768b73fbe"
  integrity sha1-9mXyX14pnPPWRlSrlJpXx2i3P74=

symbol-observable@^1.0.2:
  version "1.2.0"
  resolved "https://npm.d.musta.ch/symbol-observable/-/symbol-observable-1.2.0.tgz#c22688aed4eab3cdc2dfeacbb561660560a00804"
  integrity sha1-wiaIrtTqs83C3+rLtWFmBWCgCAQ=

ts-invariant@^0.4.0, ts-invariant@^0.4.4:
  version "0.4.4"
  resolved "https://npm.d.musta.ch/ts-invariant/-/ts-invariant-0.4.4.tgz#97a523518688f93aafad01b0e80eb803eb2abd86"
  integrity sha1-l6UjUYaI+TqvrQGw6A64A+sqvYY=
  dependencies:
    tslib "^1.9.3"

tslib@^1.10.0, tslib@^1.9.3:
  version "1.10.0"
  resolved "https://npm.d.musta.ch/tslib/-/tslib-1.10.0.tgz#c3c19f95973fb0a62973fb09d90d961ee43e5c8a"
  integrity sha1-w8GflZc/sKYpc/sJ2Q2WHuQ+XIo=

utility-types@^3.7.0:
  version "3.7.0"
  resolved "https://npm.d.musta.ch/utility-types/-/utility-types-3.7.0.tgz#51f1c29fa35d4267488345706efcf3f68f2b1933"
  integrity sha1-UfHCn6NdQmdIg0Vwbvzz9o8rGTM=

uuid@^3.3.2:
  version "3.3.3"
  resolved "https://npm.d.musta.ch/uuid/-/uuid-3.3.3.tgz#4568f0216e78760ee1dbf3a4d2cf53e224112866"
  integrity sha1-RWjwIW54dg7h2/Ok0s9T4iQRKGY=

zen-observable-ts@^0.8.19:
  version "0.8.19"
  resolved "https://npm.d.musta.ch/zen-observable-ts/-/zen-observable-ts-0.8.19.tgz#c094cd20e83ddb02a11144a6e2a89706946b5694"
  integrity sha1-wJTNIOg92wKhEUSm4qiXBpRrVpQ=
  dependencies:
    tslib "^1.9.3"
    zen-observable "^0.8.0"

zen-observable@^0.8.0:
  version "0.8.14"
  resolved "https://npm.d.musta.ch/zen-observable/-/zen-observable-0.8.14.tgz#d33058359d335bc0db1f0af66158b32872af3bf7"
  integrity sha1-0zBYNZ0zW8DbHwr2YVizKHKvO/c=
